
Microsoft Visual Studio Solution File, Format Version 12.00
# Visual Studio Version 16
VisualStudioVersion = 16.0.30907.101
MinimumVisualStudioVersion = 10.0.40219.1
Project("{9A19103F-16F7-4668-BE54-9A1E7A4F7556}") = "AJP.MediatrEndpoints", "src\AJP.MediatrEndpoints.csproj", "{4CE118EC-B5C8-4665-BAED-2562D73160A9}"
EndProject
Project("{9A19103F-16F7-4668-BE54-9A1E7A4F7556}") = "mediatr-test", "sample\mediatr-test.csproj", "{7F544F13-BB36-4C15-9AAB-603D9F20BD1D}"
EndProject
Project("{9A19103F-16F7-4668-BE54-9A1E7A4F7556}") = "AJP.MediatrEndpoints.UnitTests", "tests\AJP.MediatrEndpoints.UnitTests\AJP.MediatrEndpoints.UnitTests.csproj", "{6EF477D5-68D9-4425-8986-70DCC7BFFA53}"
EndProject
Global
	GlobalSection(SolutionConfigurationPlatforms) = preSolution
		Debug|Any CPU = Debug|Any CPU
		Release|Any CPU = Release|Any CPU
	EndGlobalSection
	GlobalSection(ProjectConfigurationPlatforms) = postSolution
		{4CE118EC-B5C8-4665-BAED-2562D73160A9}.Debug|Any CPU.ActiveCfg = Debug|Any CPU
		{4CE118EC-B5C8-4665-BAED-2562D73160A9}.Debug|Any CPU.Build.0 = Debug|Any CPU
		{4CE118EC-B5C8-4665-BAED-2562D73160A9}.Release|Any CPU.ActiveCfg = Release|Any CPU
		{4CE118EC-B5C8-4665-BAED-2562D73160A9}.Release|Any CPU.Build.0 = Release|Any CPU
		{7F544F13-BB36-4C15-9AAB-603D9F20BD1D}.Debug|Any CPU.ActiveCfg = Debug|Any CPU
		{7F544F13-BB36-4C15-9AAB-603D9F20BD1D}.Debug|Any CPU.Build.0 = Debug|Any CPU
		{7F544F13-BB36-4C15-9AAB-603D9F20BD1D}.Release|Any CPU.ActiveCfg = Release|Any CPU
		{7F544F13-BB36-4C15-9AAB-603D9F20BD1D}.Release|Any CPU.Build.0 = Release|Any CPU
		{6EF477D5-68D9-4425-8986-70DCC7BFFA53}.Debug|Any CPU.ActiveCfg = Debug|Any CPU
		{6EF477D5-68D9-4425-8986-70DCC7BFFA53}.Debug|Any CPU.Build.0 = Debug|Any CPU
		{6EF477D5-68D9-4425-8986-70DCC7BFFA53}.Release|Any CPU.ActiveCfg = Release|Any CPU
		{6EF477D5-68D9-4425-8986-70DCC7BFFA53}.Release|Any CPU.Build.0 = Release|Any CPU
	EndGlobalSection
	GlobalSection(SolutionProperties) = preSolution
		HideSolutionNode = FALSE
	EndGlobalSection
	GlobalSection(ExtensibilityGlobals) = postSolution
		SolutionGuid = {B054E027-5A2D-4E16-802D-D78930206043}
	EndGlobalSection
EndGlobal
